
Microsoft Visual Studio Solution File, Format Version 12.00
# Visual Studio Version 17
VisualStudioVersion = 17.0.31903.59
MinimumVisualStudioVersion = 10.0.40219.1
Project("{FAE04EC0-301F-11D3-BF4B-00C04F79EFBC}") = "SmartBook.Domain", "SmartBook.Domain\SmartBook.Domain.csproj", "{064EDA9F-8F56-4AA3-B996-9582A04CE87A}"
EndProject
Project("{FAE04EC0-301F-11D3-BF4B-00C04F79EFBC}") = "SmartBook.Database", "SmartBook.Database\SmartBook.Database.csproj", "{CEB55E0C-73A6-4C7D-B71C-2BA4EF7FE561}"
EndProject
Project("{FAE04EC0-301F-11D3-BF4B-00C04F79EFBC}") = "SmartBook.Api", "SmartBook.Api\SmartBook.Api.csproj", "{AE143B0A-87CF-4A6F-9681-F8AE9446A001}"
EndProject
Project("{FAE04EC0-301F-11D3-BF4B-00C04F79EFBC}") = "SmartBook.Tests", "SmartBook.Tests\SmartBook.Tests.csproj", "{D6298582-216C-4F18-9691-5773271D7EFC}"
EndProject
Project("{FAE04EC0-301F-11D3-BF4B-00C04F79EFBC}") = "SmartBook.Frontend", "SmartBook.Frontend\SmartBook.Frontend.csproj", "{1ABB2DAE-C849-4405-AA30-1C254568DCD5}"
EndProject
Global
	GlobalSection(SolutionConfigurationPlatforms) = preSolution
		Debug|Any CPU = Debug|Any CPU
		Debug|x64 = Debug|x64
		Debug|x86 = Debug|x86
		Release|Any CPU = Release|Any CPU
		Release|x64 = Release|x64
		Release|x86 = Release|x86
	EndGlobalSection
	GlobalSection(ProjectConfigurationPlatforms) = postSolution
		{064EDA9F-8F56-4AA3-B996-9582A04CE87A}.Debug|Any CPU.ActiveCfg = Debug|Any CPU
		{064EDA9F-8F56-4AA3-B996-9582A04CE87A}.Debug|Any CPU.Build.0 = Debug|Any CPU
		{064EDA9F-8F56-4AA3-B996-9582A04CE87A}.Debug|x64.ActiveCfg = Debug|Any CPU
		{064EDA9F-8F56-4AA3-B996-9582A04CE87A}.Debug|x64.Build.0 = Debug|Any CPU
		{064EDA9F-8F56-4AA3-B996-9582A04CE87A}.Debug|x86.ActiveCfg = Debug|Any CPU
		{064EDA9F-8F56-4AA3-B996-9582A04CE87A}.Debug|x86.Build.0 = Debug|Any CPU
		{064EDA9F-8F56-4AA3-B996-9582A04CE87A}.Release|Any CPU.ActiveCfg = Release|Any CPU
		{064EDA9F-8F56-4AA3-B996-9582A04CE87A}.Release|Any CPU.Build.0 = Release|Any CPU
		{064EDA9F-8F56-4AA3-B996-9582A04CE87A}.Release|x64.ActiveCfg = Release|Any CPU
		{064EDA9F-8F56-4AA3-B996-9582A04CE87A}.Release|x64.Build.0 = Release|Any CPU
		{064EDA9F-8F56-4AA3-B996-9582A04CE87A}.Release|x86.ActiveCfg = Release|Any CPU
		{064EDA9F-8F56-4AA3-B996-9582A04CE87A}.Release|x86.Build.0 = Release|Any CPU
		{CEB55E0C-73A6-4C7D-B71C-2BA4EF7FE561}.Debug|Any CPU.ActiveCfg = Debug|Any CPU
		{CEB55E0C-73A6-4C7D-B71C-2BA4EF7FE561}.Debug|Any CPU.Build.0 = Debug|Any CPU
		{CEB55E0C-73A6-4C7D-B71C-2BA4EF7FE561}.Debug|x64.ActiveCfg = Debug|Any CPU
		{CEB55E0C-73A6-4C7D-B71C-2BA4EF7FE561}.Debug|x64.Build.0 = Debug|Any CPU
		{CEB55E0C-73A6-4C7D-B71C-2BA4EF7FE561}.Debug|x86.ActiveCfg = Debug|Any CPU
		{CEB55E0C-73A6-4C7D-B71C-2BA4EF7FE561}.Debug|x86.Build.0 = Debug|Any CPU
		{CEB55E0C-73A6-4C7D-B71C-2BA4EF7FE561}.Release|Any CPU.ActiveCfg = Release|Any CPU
		{CEB55E0C-73A6-4C7D-B71C-2BA4EF7FE561}.Release|Any CPU.Build.0 = Release|Any CPU
		{CEB55E0C-73A6-4C7D-B71C-2BA4EF7FE561}.Release|x64.ActiveCfg = Release|Any CPU
		{CEB55E0C-73A6-4C7D-B71C-2BA4EF7FE561}.Release|x64.Build.0 = Release|Any CPU
		{CEB55E0C-73A6-4C7D-B71C-2BA4EF7FE561}.Release|x86.ActiveCfg = Release|Any CPU
		{CEB55E0C-73A6-4C7D-B71C-2BA4EF7FE561}.Release|x86.Build.0 = Release|Any CPU
		{AE143B0A-87CF-4A6F-9681-F8AE9446A001}.Debug|Any CPU.ActiveCfg = Debug|Any CPU
		{AE143B0A-87CF-4A6F-9681-F8AE9446A001}.Debug|Any CPU.Build.0 = Debug|Any CPU
		{AE143B0A-87CF-4A6F-9681-F8AE9446A001}.Debug|x64.ActiveCfg = Debug|Any CPU
		{AE143B0A-87CF-4A6F-9681-F8AE9446A001}.Debug|x64.Build.0 = Debug|Any CPU
		{AE143B0A-87CF-4A6F-9681-F8AE9446A001}.Debug|x86.ActiveCfg = Debug|Any CPU
		{AE143B0A-87CF-4A6F-9681-F8AE9446A001}.Debug|x86.Build.0 = Debug|Any CPU
		{AE143B0A-87CF-4A6F-9681-F8AE9446A001}.Release|Any CPU.ActiveCfg = Release|Any CPU
		{AE143B0A-87CF-4A6F-9681-F8AE9446A001}.Release|Any CPU.Build.0 = Release|Any CPU
		{AE143B0A-87CF-4A6F-9681-F8AE9446A001}.Release|x64.ActiveCfg = Release|Any CPU
		{AE143B0A-87CF-4A6F-9681-F8AE9446A001}.Release|x64.Build.0 = Release|Any CPU
		{AE143B0A-87CF-4A6F-9681-F8AE9446A001}.Release|x86.ActiveCfg = Release|Any CPU
		{AE143B0A-87CF-4A6F-9681-F8AE9446A001}.Release|x86.Build.0 = Release|Any CPU
		{D6298582-216C-4F18-9691-5773271D7EFC}.Debug|Any CPU.ActiveCfg = Debug|Any CPU
		{D6298582-216C-4F18-9691-5773271D7EFC}.Debug|Any CPU.Build.0 = Debug|Any CPU
		{D6298582-216C-4F18-9691-5773271D7EFC}.Debug|x64.ActiveCfg = Debug|Any CPU
		{D6298582-216C-4F18-9691-5773271D7EFC}.Debug|x64.Build.0 = Debug|Any CPU
		{D6298582-216C-4F18-9691-5773271D7EFC}.Debug|x86.ActiveCfg = Debug|Any CPU
		{D6298582-216C-4F18-9691-5773271D7EFC}.Debug|x86.Build.0 = Debug|Any CPU
		{D6298582-216C-4F18-9691-5773271D7EFC}.Release|Any CPU.ActiveCfg = Release|Any CPU
		{D6298582-216C-4F18-9691-5773271D7EFC}.Release|Any CPU.Build.0 = Release|Any CPU
		{D6298582-216C-4F18-9691-5773271D7EFC}.Release|x64.ActiveCfg = Release|Any CPU
		{D6298582-216C-4F18-9691-5773271D7EFC}.Release|x64.Build.0 = Release|Any CPU
		{D6298582-216C-4F18-9691-5773271D7EFC}.Release|x86.ActiveCfg = Release|Any CPU
		{D6298582-216C-4F18-9691-5773271D7EFC}.Release|x86.Build.0 = Release|Any CPU
		{1ABB2DAE-C849-4405-AA30-1C254568DCD5}.Debug|Any CPU.ActiveCfg = Debug|Any CPU
		{1ABB2DAE-C849-4405-AA30-1C254568DCD5}.Debug|Any CPU.Build.0 = Debug|Any CPU
		{1ABB2DAE-C849-4405-AA30-1C254568DCD5}.Debug|x64.ActiveCfg = Debug|Any CPU
		{1ABB2DAE-C849-4405-AA30-1C254568DCD5}.Debug|x64.Build.0 = Debug|Any CPU
		{1ABB2DAE-C849-4405-AA30-1C254568DCD5}.Debug|x86.ActiveCfg = Debug|Any CPU
		{1ABB2DAE-C849-4405-AA30-1C254568DCD5}.Debug|x86.Build.0 = Debug|Any CPU
		{1ABB2DAE-C849-4405-AA30-1C254568DCD5}.Release|Any CPU.ActiveCfg = Release|Any CPU
		{1ABB2DAE-C849-4405-AA30-1C254568DCD5}.Release|Any CPU.Build.0 = Release|Any CPU
		{1ABB2DAE-C849-4405-AA30-1C254568DCD5}.Release|x64.ActiveCfg = Release|Any CPU
		{1ABB2DAE-C849-4405-AA30-1C254568DCD5}.Release|x64.Build.0 = Release|Any CPU
		{1ABB2DAE-C849-4405-AA30-1C254568DCD5}.Release|x86.ActiveCfg = Release|Any CPU
		{1ABB2DAE-C849-4405-AA30-1C254568DCD5}.Release|x86.Build.0 = Release|Any CPU
	EndGlobalSection
	GlobalSection(SolutionProperties) = preSolution
		HideSolutionNode = FALSE
	EndGlobalSection
EndGlobal
